
Microsoft Visual Studio Solution File, Format Version 12.00
# Visual Studio Version 17
VisualStudioVersion = 17.4.33213.308
MinimumVisualStudioVersion = 10.0.40219.1
Project("{FAE04EC0-301F-11D3-BF4B-00C04F79EFBC}") = "OAP_Ex2", "OAP_Ex2.csproj", "{3A148B71-CF99-4F35-91F7-C942048B29FB}"
EndProject
Global
	GlobalSection(SolutionConfigurationPlatforms) = preSolution
		Debug|Any CPU = Debug|Any CPU
		Release|Any CPU = Release|Any CPU
	EndGlobalSection
	GlobalSection(ProjectConfigurationPlatforms) = postSolution
		{3A148B71-CF99-4F35-91F7-C942048B29FB}.Debug|Any CPU.ActiveCfg = Debug|Any CPU
		{3A148B71-CF99-4F35-91F7-C942048B29FB}.Debug|Any CPU.Build.0 = Debug|Any CPU
		{3A148B71-CF99-4F35-91F7-C942048B29FB}.Release|Any CPU.ActiveCfg = Release|Any CPU
		{3A148B71-CF99-4F35-91F7-C942048B29FB}.Release|Any CPU.Build.0 = Release|Any CPU
	EndGlobalSection
	GlobalSection(SolutionProperties) = preSolution
		HideSolutionNode = FALSE
	EndGlobalSection
	GlobalSection(ExtensibilityGlobals) = postSolution
		SolutionGuid = {045FEB11-E7EE-4100-8087-8A463F86E235}
	EndGlobalSection
EndGlobal
